{
  "name": "riddles-server",
  "version": "1.0.0",
  "lockfileVersion": 3,
  "requires": true,
  "packages": {
    "": {
      "name": "riddles-server",
      "version": "1.0.0",
      "license": "MIT",
      "dependencies": {
        "json-file-crud": "^1.1.0"
      }
    },
    "node_modules/json-file-crud": {
      "version": "1.1.0",
      "resolved": "https://registry.npmjs.org/json-file-crud/-/json-file-crud-1.1.0.tgz",
      "integrity": "sha512-BZc5NEzPorw11Tfna4SAnInceGCeB3lw+wHtIXXjBvnMlInDwqGW0+jY9MNFAPwILhxvEp1KuLhEMAENG2Xn7g==",
      "license": "MIT",
      "engines": {
        "node": ">=14.0.0"
      }
    }
  }
}
